
Microsoft Visual Studio Solution File, Format Version 12.00
# Visual Studio Version 17
VisualStudioVersion = 17.8.34330.188
MinimumVisualStudioVersion = 10.0.40219.1
Project("{FAE04EC0-301F-11D3-BF4B-00C04F79EFBC}") = "Estore", "Estore.csproj", "{ACBF198B-C807-41AA-B7E2-9FB8233C8420}"
EndProject
Global
	GlobalSection(SolutionConfigurationPlatforms) = preSolution
		Debug|Any CPU = Debug|Any CPU
		Release|Any CPU = Release|Any CPU
	EndGlobalSection
	GlobalSection(ProjectConfigurationPlatforms) = postSolution
		{ACBF198B-C807-41AA-B7E2-9FB8233C8420}.Debug|Any CPU.ActiveCfg = Debug|Any CPU
		{ACBF198B-C807-41AA-B7E2-9FB8233C8420}.Debug|Any CPU.Build.0 = Debug|Any CPU
		{ACBF198B-C807-41AA-B7E2-9FB8233C8420}.Release|Any CPU.ActiveCfg = Release|Any CPU
		{ACBF198B-C807-41AA-B7E2-9FB8233C8420}.Release|Any CPU.Build.0 = Release|Any CPU
	EndGlobalSection
	GlobalSection(SolutionProperties) = preSolution
		HideSolutionNode = FALSE
	EndGlobalSection
	GlobalSection(ExtensibilityGlobals) = postSolution
		SolutionGuid = {EFAB3257-1385-40B1-8FCA-8B6CB2E38EE6}
	EndGlobalSection
EndGlobal
